
Microsoft Visual Studio Solution File, Format Version 12.00
# Visual Studio Version 16
VisualStudioVersion = 16.0.33927.289
MinimumVisualStudioVersion = 10.0.40219.1
Project("{9A19103F-16F7-4668-BE54-9A1E7A4F7556}") = "Exercise 1", "Exercise 1\Exercise 1.csproj", "{9128774A-B2B1-4274-AFB4-0DA66D511B6A}"
EndProject
Project("{9A19103F-16F7-4668-BE54-9A1E7A4F7556}") = "Exercise 2", "Exercise 2\Exercise 2.csproj", "{134412D8-05E4-43C4-9CEB-707323794944}"
EndProject
Project("{9A19103F-16F7-4668-BE54-9A1E7A4F7556}") = "Exercise 3", "Exercise 3\Exercise 3.csproj", "{A4507589-F53D-4CDE-A47B-01EC92321BB3}"
EndProject
Project("{9A19103F-16F7-4668-BE54-9A1E7A4F7556}") = "Exercise 4", "ConsoleApp1\Exercise 4.csproj", "{C9E8E267-6E34-4412-B9F0-B310DDB37CA2}"
EndProject
Project("{9A19103F-16F7-4668-BE54-9A1E7A4F7556}") = "Exercise 5", "Exercise 5\Exercise 5.csproj", "{7C393DCC-73D8-44DA-AF45-085CA282F83C}"
EndProject
Project("{9A19103F-16F7-4668-BE54-9A1E7A4F7556}") = "Exercise 6", "Exercise 6\Exercise 6.csproj", "{2C2F94AA-702A-4C5B-BE8D-7B75D583FB46}"
EndProject
Project("{9A19103F-16F7-4668-BE54-9A1E7A4F7556}") = "Exercise 7", "Exercise 7\Exercise 7.csproj", "{F4A837C3-4A29-4B3C-B157-695E79B71075}"
EndProject
Project("{FAE04EC0-301F-11D3-BF4B-00C04F79EFBC}") = "Exercise_7c", "Exercise_7c\Exercise_7c.csproj", "{7DC735A6-DCBD-4E00-9E7C-838DC5B30B0B}"
EndProject
Global
	GlobalSection(SolutionConfigurationPlatforms) = preSolution
		Debug|Any CPU = Debug|Any CPU
		Release|Any CPU = Release|Any CPU
	EndGlobalSection
	GlobalSection(ProjectConfigurationPlatforms) = postSolution
		{9128774A-B2B1-4274-AFB4-0DA66D511B6A}.Debug|Any CPU.ActiveCfg = Debug|Any CPU
		{9128774A-B2B1-4274-AFB4-0DA66D511B6A}.Debug|Any CPU.Build.0 = Debug|Any CPU
		{9128774A-B2B1-4274-AFB4-0DA66D511B6A}.Release|Any CPU.ActiveCfg = Release|Any CPU
		{9128774A-B2B1-4274-AFB4-0DA66D511B6A}.Release|Any CPU.Build.0 = Release|Any CPU
		{134412D8-05E4-43C4-9CEB-707323794944}.Debug|Any CPU.ActiveCfg = Debug|Any CPU
		{134412D8-05E4-43C4-9CEB-707323794944}.Debug|Any CPU.Build.0 = Debug|Any CPU
		{134412D8-05E4-43C4-9CEB-707323794944}.Release|Any CPU.ActiveCfg = Release|Any CPU
		{134412D8-05E4-43C4-9CEB-707323794944}.Release|Any CPU.Build.0 = Release|Any CPU
		{A4507589-F53D-4CDE-A47B-01EC92321BB3}.Debug|Any CPU.ActiveCfg = Debug|Any CPU
		{A4507589-F53D-4CDE-A47B-01EC92321BB3}.Debug|Any CPU.Build.0 = Debug|Any CPU
		{A4507589-F53D-4CDE-A47B-01EC92321BB3}.Release|Any CPU.ActiveCfg = Release|Any CPU
		{A4507589-F53D-4CDE-A47B-01EC92321BB3}.Release|Any CPU.Build.0 = Release|Any CPU
		{C9E8E267-6E34-4412-B9F0-B310DDB37CA2}.Debug|Any CPU.ActiveCfg = Debug|Any CPU
		{C9E8E267-6E34-4412-B9F0-B310DDB37CA2}.Debug|Any CPU.Build.0 = Debug|Any CPU
		{C9E8E267-6E34-4412-B9F0-B310DDB37CA2}.Release|Any CPU.ActiveCfg = Release|Any CPU
		{C9E8E267-6E34-4412-B9F0-B310DDB37CA2}.Release|Any CPU.Build.0 = Release|Any CPU
		{7C393DCC-73D8-44DA-AF45-085CA282F83C}.Debug|Any CPU.ActiveCfg = Debug|Any CPU
		{7C393DCC-73D8-44DA-AF45-085CA282F83C}.Debug|Any CPU.Build.0 = Debug|Any CPU
		{7C393DCC-73D8-44DA-AF45-085CA282F83C}.Release|Any CPU.ActiveCfg = Release|Any CPU
		{7C393DCC-73D8-44DA-AF45-085CA282F83C}.Release|Any CPU.Build.0 = Release|Any CPU
		{2C2F94AA-702A-4C5B-BE8D-7B75D583FB46}.Debug|Any CPU.ActiveCfg = Debug|Any CPU
		{2C2F94AA-702A-4C5B-BE8D-7B75D583FB46}.Debug|Any CPU.Build.0 = Debug|Any CPU
		{2C2F94AA-702A-4C5B-BE8D-7B75D583FB46}.Release|Any CPU.ActiveCfg = Release|Any CPU
		{2C2F94AA-702A-4C5B-BE8D-7B75D583FB46}.Release|Any CPU.Build.0 = Release|Any CPU
		{F4A837C3-4A29-4B3C-B157-695E79B71075}.Debug|Any CPU.ActiveCfg = Debug|Any CPU
		{F4A837C3-4A29-4B3C-B157-695E79B71075}.Debug|Any CPU.Build.0 = Debug|Any CPU
		{F4A837C3-4A29-4B3C-B157-695E79B71075}.Release|Any CPU.ActiveCfg = Release|Any CPU
		{F4A837C3-4A29-4B3C-B157-695E79B71075}.Release|Any CPU.Build.0 = Release|Any CPU
		{7DC735A6-DCBD-4E00-9E7C-838DC5B30B0B}.Debug|Any CPU.ActiveCfg = Debug|Any CPU
		{7DC735A6-DCBD-4E00-9E7C-838DC5B30B0B}.Debug|Any CPU.Build.0 = Debug|Any CPU
		{7DC735A6-DCBD-4E00-9E7C-838DC5B30B0B}.Release|Any CPU.ActiveCfg = Release|Any CPU
		{7DC735A6-DCBD-4E00-9E7C-838DC5B30B0B}.Release|Any CPU.Build.0 = Release|Any CPU
	EndGlobalSection
	GlobalSection(SolutionProperties) = preSolution
		HideSolutionNode = FALSE
	EndGlobalSection
	GlobalSection(ExtensibilityGlobals) = postSolution
		SolutionGuid = {514C9328-29CD-489E-A750-E4A45BC6EFF7}
	EndGlobalSection
EndGlobal
