
Microsoft Visual Studio Solution File, Format Version 12.00
# Visual Studio Version 16
VisualStudioVersion = 16.0.33927.289
MinimumVisualStudioVersion = 10.0.40219.1
Project("{FAE04EC0-301F-11D3-BF4B-00C04F79EFBC}") = "Exercise 1", "Exercise 1\Exercise 1.csproj", "{D0C40EBA-43C5-44B1-8C99-5C87A76BDD9B}"
EndProject
Project("{FAE04EC0-301F-11D3-BF4B-00C04F79EFBC}") = "Exercise2", "Exercise2\Exercise2.csproj", "{5BDACC70-9E58-4D99-A6A2-69D502F1BB7D}"
EndProject
Global
	GlobalSection(SolutionConfigurationPlatforms) = preSolution
		Debug|Any CPU = Debug|Any CPU
		Release|Any CPU = Release|Any CPU
	EndGlobalSection
	GlobalSection(ProjectConfigurationPlatforms) = postSolution
		{D0C40EBA-43C5-44B1-8C99-5C87A76BDD9B}.Debug|Any CPU.ActiveCfg = Debug|Any CPU
		{D0C40EBA-43C5-44B1-8C99-5C87A76BDD9B}.Debug|Any CPU.Build.0 = Debug|Any CPU
		{D0C40EBA-43C5-44B1-8C99-5C87A76BDD9B}.Release|Any CPU.ActiveCfg = Release|Any CPU
		{D0C40EBA-43C5-44B1-8C99-5C87A76BDD9B}.Release|Any CPU.Build.0 = Release|Any CPU
		{5BDACC70-9E58-4D99-A6A2-69D502F1BB7D}.Debug|Any CPU.ActiveCfg = Debug|Any CPU
		{5BDACC70-9E58-4D99-A6A2-69D502F1BB7D}.Debug|Any CPU.Build.0 = Debug|Any CPU
		{5BDACC70-9E58-4D99-A6A2-69D502F1BB7D}.Release|Any CPU.ActiveCfg = Release|Any CPU
		{5BDACC70-9E58-4D99-A6A2-69D502F1BB7D}.Release|Any CPU.Build.0 = Release|Any CPU
	EndGlobalSection
	GlobalSection(SolutionProperties) = preSolution
		HideSolutionNode = FALSE
	EndGlobalSection
	GlobalSection(ExtensibilityGlobals) = postSolution
		SolutionGuid = {98EBA778-DB24-4238-AB7D-FB3686D9DA75}
	EndGlobalSection
EndGlobal
